
Microsoft Visual Studio Solution File, Format Version 12.00
# Visual Studio 15
VisualStudioVersion = 15.0.27703.2047
MinimumVisualStudioVersion = 10.0.40219.1
Project("{FAE04EC0-301F-11D3-BF4B-00C04F79EFBC}") = "Books", "Books\Books.csproj", "{F9801C67-86B7-48E9-83B1-F8DD795060E8}"
EndProject
Global
	GlobalSection(SolutionConfigurationPlatforms) = preSolution
		Debug|Any CPU = Debug|Any CPU
		Release|Any CPU = Release|Any CPU
	EndGlobalSection
	GlobalSection(ProjectConfigurationPlatforms) = postSolution
		{F9801C67-86B7-48E9-83B1-F8DD795060E8}.Debug|Any CPU.ActiveCfg = Debug|Any CPU
		{F9801C67-86B7-48E9-83B1-F8DD795060E8}.Debug|Any CPU.Build.0 = Debug|Any CPU
		{F9801C67-86B7-48E9-83B1-F8DD795060E8}.Release|Any CPU.ActiveCfg = Release|Any CPU
		{F9801C67-86B7-48E9-83B1-F8DD795060E8}.Release|Any CPU.Build.0 = Release|Any CPU
	EndGlobalSection
	GlobalSection(SolutionProperties) = preSolution
		HideSolutionNode = FALSE
	EndGlobalSection
	GlobalSection(ExtensibilityGlobals) = postSolution
		SolutionGuid = {DA5D33B7-C1CC-470F-90A4-BCD0B2AE462C}
	EndGlobalSection
EndGlobal
